
Microsoft Visual Studio Solution File, Format Version 12.00
# Visual Studio Version 17
VisualStudioVersion = 17.4.33122.133
MinimumVisualStudioVersion = 10.0.40219.1
Project("{2150E333-8FDC-42A3-9474-1A3956D46DE8}") = "2020", "2020", "{BCFACADF-0FDC-44E6-B1A6-3F614187E051}"
EndProject
Project("{9A19103F-16F7-4668-BE54-9A1E7A4F7556}") = "AoC2020", "2020\AoC2020\AoC2020.csproj", "{54BBEB0E-22D7-4DE9-908B-F13F9AA97491}"
EndProject
Project("{9A19103F-16F7-4668-BE54-9A1E7A4F7556}") = "AoC2020.Tests", "2020\AoC2020.Tests\AoC2020.Tests.csproj", "{6693BA94-1C10-478F-BA58-AB1E259E4BA4}"
EndProject
Project("{2150E333-8FDC-42A3-9474-1A3956D46DE8}") = "Helpers", "Helpers", "{5260C8C4-5CA6-4252-AC8D-BF230C751C94}"
EndProject
Project("{FAE04EC0-301F-11D3-BF4B-00C04F79EFBC}") = "AoCHelpers", "Helpers\AoCHelpers\AoCHelpers.csproj", "{6CB3B850-DD7F-4BC6-A7EB-0D0BFBF7F6A7}"
EndProject
Project("{2150E333-8FDC-42A3-9474-1A3956D46DE8}") = "2022", "2022", "{E0CCFC65-6715-4500-A1D6-6F0B2BAE883C}"
EndProject
Project("{9A19103F-16F7-4668-BE54-9A1E7A4F7556}") = "AoC2022", "2022\AoC2022\AoC2022.csproj", "{B0062885-8A75-45CB-95E3-C6E259D590C5}"
EndProject
Project("{9A19103F-16F7-4668-BE54-9A1E7A4F7556}") = "AoC2022.Tests", "2022\AoC2022.Tests\AoC2022.Tests.csproj", "{EE2850ED-1CFA-4A52-AECA-E9E86943D8E1}"
EndProject
Global
	GlobalSection(SolutionConfigurationPlatforms) = preSolution
		Debug|Any CPU = Debug|Any CPU
		Release|Any CPU = Release|Any CPU
	EndGlobalSection
	GlobalSection(ProjectConfigurationPlatforms) = postSolution
		{54BBEB0E-22D7-4DE9-908B-F13F9AA97491}.Debug|Any CPU.ActiveCfg = Debug|Any CPU
		{54BBEB0E-22D7-4DE9-908B-F13F9AA97491}.Debug|Any CPU.Build.0 = Debug|Any CPU
		{54BBEB0E-22D7-4DE9-908B-F13F9AA97491}.Release|Any CPU.ActiveCfg = Release|Any CPU
		{54BBEB0E-22D7-4DE9-908B-F13F9AA97491}.Release|Any CPU.Build.0 = Release|Any CPU
		{6693BA94-1C10-478F-BA58-AB1E259E4BA4}.Debug|Any CPU.ActiveCfg = Debug|Any CPU
		{6693BA94-1C10-478F-BA58-AB1E259E4BA4}.Debug|Any CPU.Build.0 = Debug|Any CPU
		{6693BA94-1C10-478F-BA58-AB1E259E4BA4}.Release|Any CPU.ActiveCfg = Release|Any CPU
		{6693BA94-1C10-478F-BA58-AB1E259E4BA4}.Release|Any CPU.Build.0 = Release|Any CPU
		{6CB3B850-DD7F-4BC6-A7EB-0D0BFBF7F6A7}.Debug|Any CPU.ActiveCfg = Debug|Any CPU
		{6CB3B850-DD7F-4BC6-A7EB-0D0BFBF7F6A7}.Debug|Any CPU.Build.0 = Debug|Any CPU
		{6CB3B850-DD7F-4BC6-A7EB-0D0BFBF7F6A7}.Release|Any CPU.ActiveCfg = Release|Any CPU
		{6CB3B850-DD7F-4BC6-A7EB-0D0BFBF7F6A7}.Release|Any CPU.Build.0 = Release|Any CPU
		{B0062885-8A75-45CB-95E3-C6E259D590C5}.Debug|Any CPU.ActiveCfg = Debug|Any CPU
		{B0062885-8A75-45CB-95E3-C6E259D590C5}.Debug|Any CPU.Build.0 = Debug|Any CPU
		{B0062885-8A75-45CB-95E3-C6E259D590C5}.Release|Any CPU.ActiveCfg = Release|Any CPU
		{B0062885-8A75-45CB-95E3-C6E259D590C5}.Release|Any CPU.Build.0 = Release|Any CPU
		{EE2850ED-1CFA-4A52-AECA-E9E86943D8E1}.Debug|Any CPU.ActiveCfg = Debug|Any CPU
		{EE2850ED-1CFA-4A52-AECA-E9E86943D8E1}.Debug|Any CPU.Build.0 = Debug|Any CPU
		{EE2850ED-1CFA-4A52-AECA-E9E86943D8E1}.Release|Any CPU.ActiveCfg = Release|Any CPU
		{EE2850ED-1CFA-4A52-AECA-E9E86943D8E1}.Release|Any CPU.Build.0 = Release|Any CPU
	EndGlobalSection
	GlobalSection(SolutionProperties) = preSolution
		HideSolutionNode = FALSE
	EndGlobalSection
	GlobalSection(NestedProjects) = preSolution
		{54BBEB0E-22D7-4DE9-908B-F13F9AA97491} = {BCFACADF-0FDC-44E6-B1A6-3F614187E051}
		{6693BA94-1C10-478F-BA58-AB1E259E4BA4} = {BCFACADF-0FDC-44E6-B1A6-3F614187E051}
		{6CB3B850-DD7F-4BC6-A7EB-0D0BFBF7F6A7} = {5260C8C4-5CA6-4252-AC8D-BF230C751C94}
		{B0062885-8A75-45CB-95E3-C6E259D590C5} = {E0CCFC65-6715-4500-A1D6-6F0B2BAE883C}
		{EE2850ED-1CFA-4A52-AECA-E9E86943D8E1} = {E0CCFC65-6715-4500-A1D6-6F0B2BAE883C}
	EndGlobalSection
	GlobalSection(ExtensibilityGlobals) = postSolution
		SolutionGuid = {074A947E-F4E1-4C5F-BF17-1F83A64B6D9A}
	EndGlobalSection
EndGlobal
